# This file is automatically @generated by Cargo.
# It is not intended for manual editing.
version = 4

[[package]]
name = "chthl"
version = "0.1.0"

[[package]]
name = "chthl_cli"
version = "0.1.0"
dependencies = [
 "chthl",
]

[[package]]
name = "chthl_dispatcher"
version = "0.1.0"

[[package]]
name = "chthl_js"
version = "0.1.0"

[[package]]
name = "chthl_merger"
version = "0.1.0"

[[package]]
name = "chthl_scanner"
version = "0.1.0"

[[package]]
name = "chthl_test"
version = "0.1.0"

[[package]]
name = "chthl_utils"
version = "0.1.0"
